
Microsoft Visual Studio Solution File, Format Version 12.00
# Visual Studio Version 17
VisualStudioVersion = 17.3.32804.467
MinimumVisualStudioVersion = 10.0.40219.1
Project("{FAE04EC0-301F-11D3-BF4B-00C04F79EFBC}") = "DecisionMakingServer", "DecisionMakingServer.csproj", "{DCBE9DD4-09AB-4AB0-9285-C514AEB87F8D}"
EndProject
Global
	GlobalSection(SolutionConfigurationPlatforms) = preSolution
		Debug|Any CPU = Debug|Any CPU
		Release|Any CPU = Release|Any CPU
	EndGlobalSection
	GlobalSection(ProjectConfigurationPlatforms) = postSolution
		{DCBE9DD4-09AB-4AB0-9285-C514AEB87F8D}.Debug|Any CPU.ActiveCfg = Debug|Any CPU
		{DCBE9DD4-09AB-4AB0-9285-C514AEB87F8D}.Debug|Any CPU.Build.0 = Debug|Any CPU
		{DCBE9DD4-09AB-4AB0-9285-C514AEB87F8D}.Release|Any CPU.ActiveCfg = Release|Any CPU
		{DCBE9DD4-09AB-4AB0-9285-C514AEB87F8D}.Release|Any CPU.Build.0 = Release|Any CPU
	EndGlobalSection
	GlobalSection(SolutionProperties) = preSolution
		HideSolutionNode = FALSE
	EndGlobalSection
	GlobalSection(ExtensibilityGlobals) = postSolution
		SolutionGuid = {DD8C3605-42F9-48B3-A529-800A90348766}
	EndGlobalSection
EndGlobal
